// !$*UTF8*$!
{
	archiveVersion = 1;
	classes = {
	};
	objectVersion = 50;
	objects = {

/* Begin PBXGroup section */
		1CD1FB76245C916D0069BB8B = {
			isa = PBXGroup;
			children = (
			);
			sourceTree = "<group>";
		};
/* End PBXGroup section */

/* Begin PBXProject section */
		1CD1FB77245C916D0069BB8B /* Project object */ = {
			isa = PBXProject;
			attributes = {
				LastUpgradeCheck = 1140;
			};
			buildConfigurationList = 1CD1FB7A245C916D0069BB8B /* Build configuration list for PBXProject "Rivian Job Application" */;
			compatibilityVersion = "Xcode 9.3";
			developmentRegion = en;
			hasScannedForEncodings = 0;
			knownRegions = (
				en,
				Base,
			);
			mainGroup = 1CD1FB76245C916D0069BB8B;
			projectDirPath = "";
			projectRoot = "";
			targets = (
			);
		};
/* End PBXProject section */

/* Begin XCBuildConfiguration section */
		1CD1FB7B245C916D0069BB8B /* Debug */ = {
			isa = XCBuildConfiguration;
			buildSettings = {
			};
			name = Debug;
		};
		1CD1FB7C245C916D0069BB8B /* Release */ = {
			isa = XCBuildConfiguration;
			buildSettings = {
			};
			name = Release;
		};
/* End XCBuildConfiguration section */

/* Begin XCConfigurationList section */
		1CD1FB7A245C916D0069BB8B /* Build configuration list for PBXProject "Rivian Job Application" */ = {
			isa = XCConfigurationList;
			buildConfigurations = (
				1CD1FB7B245C916D0069BB8B /* Debug */,
				1CD1FB7C245C916D0069BB8B /* Release */,
			);
			defaultConfigurationIsVisible = 0;
			defaultConfigurationName = Release;
		};
/* End XCConfigurationList section */
	};
	rootObject = 1CD1FB77245C916D0069BB8B /* Project object */;
}
